
Microsoft Visual Studio Solution File, Format Version 12.00
# Visual Studio Version 17
VisualStudioVersion = 17.9.34728.123
MinimumVisualStudioVersion = 10.0.40219.1
Project("{9A19103F-16F7-4668-BE54-9A1E7A4F7556}") = "ASM2-KSTH", "ASM2-KSTH\ASM2-KSTH.csproj", "{956396AA-F45A-4F06-9DED-AC03F19E7B12}"
EndProject
Project("{FAE04EC0-301F-11D3-BF4B-00C04F79EFBC}") = "ASM2-KSTH-Test", "ASM2-KSTH-Test\ASM2-KSTH-Test.csproj", "{ECE44432-87BA-4A2E-8473-B36A067510CF}"
EndProject
Global
	GlobalSection(SolutionConfigurationPlatforms) = preSolution
		Debug|Any CPU = Debug|Any CPU
		Release|Any CPU = Release|Any CPU
	EndGlobalSection
	GlobalSection(ProjectConfigurationPlatforms) = postSolution
		{956396AA-F45A-4F06-9DED-AC03F19E7B12}.Debug|Any CPU.ActiveCfg = Debug|Any CPU
		{956396AA-F45A-4F06-9DED-AC03F19E7B12}.Debug|Any CPU.Build.0 = Debug|Any CPU
		{956396AA-F45A-4F06-9DED-AC03F19E7B12}.Release|Any CPU.ActiveCfg = Release|Any CPU
		{956396AA-F45A-4F06-9DED-AC03F19E7B12}.Release|Any CPU.Build.0 = Release|Any CPU
		{ECE44432-87BA-4A2E-8473-B36A067510CF}.Debug|Any CPU.ActiveCfg = Debug|Any CPU
		{ECE44432-87BA-4A2E-8473-B36A067510CF}.Debug|Any CPU.Build.0 = Debug|Any CPU
		{ECE44432-87BA-4A2E-8473-B36A067510CF}.Release|Any CPU.ActiveCfg = Release|Any CPU
		{ECE44432-87BA-4A2E-8473-B36A067510CF}.Release|Any CPU.Build.0 = Release|Any CPU
	EndGlobalSection
	GlobalSection(SolutionProperties) = preSolution
		HideSolutionNode = FALSE
	EndGlobalSection
	GlobalSection(ExtensibilityGlobals) = postSolution
		SolutionGuid = {BAECAE51-F8C4-4B00-A52D-4090869855E8}
	EndGlobalSection
EndGlobal
